{
  "name": "@loadable/babel-plugin",
  "version": "5.12.0",
  "lockfileVersion": 1,
  "requires": true,
  "dependencies": {
    "@babel/helper-plugin-utils": {
      "version": "7.8.3",
      "resolved": "https://registry.npmjs.org/@babel/helper-plugin-utils/-/helper-plugin-utils-7.8.3.tgz",
      "integrity": "sha512-j+fq49Xds2smCUNYmEHF9kGNkhbet6yVIBp4e6oeQpH1RUs/Ir06xUKzDjDkGcaaokPiTNs2JBWHjaE4csUkZQ=="
    },
    "@babel/plugin-syntax-dynamic-import": {
      "version": "7.8.3",
      "resolved": "https://registry.npmjs.org/@babel/plugin-syntax-dynamic-import/-/plugin-syntax-dynamic-import-7.8.3.tgz",
      "integrity": "sha512-5gdGbFon+PszYzqs83S3E5mpi7/y/8M9eC90MRTZfduQOYW76ig6SOSPNe41IG5LoP3FGBn2N0RjVDSQiS94kQ==",
      "requires": {
        "@babel/helper-plugin-utils": "^7.8.0"
      }
    }
  }
}
